{
  "name": "telegram-chat",
  "lockfileVersion": 3,
  "requires": true,
  "packages": {
    "": {
      "dependencies": {
        "@block65/webcrypto-web-push": "^2.0.0"
      }
    },
    "node_modules/@block65/webcrypto-web-push": {
      "version": "2.0.0",
      "resolved": "https://registry.npmjs.org/@block65/webcrypto-web-push/-/webcrypto-web-push-2.0.0.tgz",
      "integrity": "sha512-BMrw8hABq5krABWPy3zFJvBC73HeRkyT/GTZ2AD7wqzo9hd9vO56MstBqjGMIxIw3e4lbRUbYxgihCcfhoTI2g==",
      "license": "MIT",
      "dependencies": {
        "uint8array-extras": "^1.5.0"
      },
      "engines": {
        "node": ">=22.0.0"
      }
    },
    "node_modules/uint8array-extras": {
      "version": "1.5.0",
      "resolved": "https://registry.npmjs.org/uint8array-extras/-/uint8array-extras-1.5.0.tgz",
      "integrity": "sha512-rvKSBiC5zqCCiDZ9kAOszZcDvdAHwwIKJG33Ykj43OKcWsnmcBRL09YTU4nOeHZ8Y2a7l1MgTd08SBe9A8Qj6A==",
      "license": "MIT",
      "engines": {
        "node": ">=18"
      },
      "funding": {
        "url": "https://github.com/sponsors/sindresorhus"
      }
    }
  }
}
